
Microsoft Visual Studio Solution File, Format Version 12.00
# Visual Studio Version 16
VisualStudioVersion = 16.0.28803.156
MinimumVisualStudioVersion = 10.0.40219.1
Project("{9A19103F-16F7-4668-BE54-9A1E7A4F7556}") = "FoodCourt", "FoodCourt\FoodCourt.csproj", "{31AE45A4-DE92-4421-8D12-F8609A63876B}"
EndProject
Project("{9A19103F-16F7-4668-BE54-9A1E7A4F7556}") = "FoodCourt.Service", "FoodCourt.Service\FoodCourt.Service.csproj", "{EA2BB429-D74B-4438-8048-D3E6315D4F73}"
EndProject
Project("{9A19103F-16F7-4668-BE54-9A1E7A4F7556}") = "FoodCourt.Framework", "FoodCourt.Framework\FoodCourt.Framework.csproj", "{30A919DE-E00E-425A-8464-42BDD231DC23}"
EndProject
Project("{00D1A9C2-B5F0-4AF3-8072-F6C62B433612}") = "FoodCourt.Database", "FoodCourt.Database\FoodCourt.Database.sqlproj", "{663216FC-05F2-4CFD-91F4-9D8D89C7F689}"
EndProject
Project("{9A19103F-16F7-4668-BE54-9A1E7A4F7556}") = "Doitsu.Service.Core", "Doitsu.Service.Core\Doitsu.Service.Core.csproj", "{C01C0D06-3943-4B92-A58D-B032EFD9A54C}"
EndProject
Global
	GlobalSection(SolutionConfigurationPlatforms) = preSolution
		Debug|Any CPU = Debug|Any CPU
		Release|Any CPU = Release|Any CPU
	EndGlobalSection
	GlobalSection(ProjectConfigurationPlatforms) = postSolution
		{31AE45A4-DE92-4421-8D12-F8609A63876B}.Debug|Any CPU.ActiveCfg = Debug|Any CPU
		{31AE45A4-DE92-4421-8D12-F8609A63876B}.Debug|Any CPU.Build.0 = Debug|Any CPU
		{31AE45A4-DE92-4421-8D12-F8609A63876B}.Release|Any CPU.ActiveCfg = Release|Any CPU
		{31AE45A4-DE92-4421-8D12-F8609A63876B}.Release|Any CPU.Build.0 = Release|Any CPU
		{EA2BB429-D74B-4438-8048-D3E6315D4F73}.Debug|Any CPU.ActiveCfg = Debug|Any CPU
		{EA2BB429-D74B-4438-8048-D3E6315D4F73}.Debug|Any CPU.Build.0 = Debug|Any CPU
		{EA2BB429-D74B-4438-8048-D3E6315D4F73}.Release|Any CPU.ActiveCfg = Release|Any CPU
		{EA2BB429-D74B-4438-8048-D3E6315D4F73}.Release|Any CPU.Build.0 = Release|Any CPU
		{30A919DE-E00E-425A-8464-42BDD231DC23}.Debug|Any CPU.ActiveCfg = Debug|Any CPU
		{30A919DE-E00E-425A-8464-42BDD231DC23}.Debug|Any CPU.Build.0 = Debug|Any CPU
		{30A919DE-E00E-425A-8464-42BDD231DC23}.Release|Any CPU.ActiveCfg = Release|Any CPU
		{30A919DE-E00E-425A-8464-42BDD231DC23}.Release|Any CPU.Build.0 = Release|Any CPU
		{663216FC-05F2-4CFD-91F4-9D8D89C7F689}.Debug|Any CPU.ActiveCfg = Debug|Any CPU
		{663216FC-05F2-4CFD-91F4-9D8D89C7F689}.Debug|Any CPU.Build.0 = Debug|Any CPU
		{663216FC-05F2-4CFD-91F4-9D8D89C7F689}.Debug|Any CPU.Deploy.0 = Debug|Any CPU
		{663216FC-05F2-4CFD-91F4-9D8D89C7F689}.Release|Any CPU.ActiveCfg = Release|Any CPU
		{663216FC-05F2-4CFD-91F4-9D8D89C7F689}.Release|Any CPU.Build.0 = Release|Any CPU
		{663216FC-05F2-4CFD-91F4-9D8D89C7F689}.Release|Any CPU.Deploy.0 = Release|Any CPU
		{C01C0D06-3943-4B92-A58D-B032EFD9A54C}.Debug|Any CPU.ActiveCfg = Debug|Any CPU
		{C01C0D06-3943-4B92-A58D-B032EFD9A54C}.Debug|Any CPU.Build.0 = Debug|Any CPU
		{C01C0D06-3943-4B92-A58D-B032EFD9A54C}.Release|Any CPU.ActiveCfg = Release|Any CPU
		{C01C0D06-3943-4B92-A58D-B032EFD9A54C}.Release|Any CPU.Build.0 = Release|Any CPU
	EndGlobalSection
	GlobalSection(SolutionProperties) = preSolution
		HideSolutionNode = FALSE
	EndGlobalSection
	GlobalSection(ExtensibilityGlobals) = postSolution
		SolutionGuid = {786B2171-E284-4C43-9E18-1D13E5804217}
	EndGlobalSection
EndGlobal
